
Microsoft Visual Studio Solution File, Format Version 12.00
# Visual Studio Version 16
VisualStudioVersion = 16.0.30717.126
MinimumVisualStudioVersion = 10.0.40219.1
Project("{FAE04EC0-301F-11D3-BF4B-00C04F79EFBC}") = "Mini Logiciel PC Cleaner", "Mini Logiciel PC Cleaner\Mini Logiciel PC Cleaner.csproj", "{36020EC6-18D2-4A36-878D-85D5EA52F67F}"
EndProject
Project("{FAE04EC0-301F-11D3-BF4B-00C04F79EFBC}") = "MetterAjouR", "MetterAjouR\MetterAjouR.csproj", "{B94A3CA1-1ED1-4054-85B0-42077676D07A}"
EndProject
Global
	GlobalSection(SolutionConfigurationPlatforms) = preSolution
		Debug|Any CPU = Debug|Any CPU
		Release|Any CPU = Release|Any CPU
	EndGlobalSection
	GlobalSection(ProjectConfigurationPlatforms) = postSolution
		{36020EC6-18D2-4A36-878D-85D5EA52F67F}.Debug|Any CPU.ActiveCfg = Debug|Any CPU
		{36020EC6-18D2-4A36-878D-85D5EA52F67F}.Debug|Any CPU.Build.0 = Debug|Any CPU
		{36020EC6-18D2-4A36-878D-85D5EA52F67F}.Release|Any CPU.ActiveCfg = Release|Any CPU
		{36020EC6-18D2-4A36-878D-85D5EA52F67F}.Release|Any CPU.Build.0 = Release|Any CPU
		{B94A3CA1-1ED1-4054-85B0-42077676D07A}.Debug|Any CPU.ActiveCfg = Debug|Any CPU
		{B94A3CA1-1ED1-4054-85B0-42077676D07A}.Debug|Any CPU.Build.0 = Debug|Any CPU
		{B94A3CA1-1ED1-4054-85B0-42077676D07A}.Release|Any CPU.ActiveCfg = Release|Any CPU
		{B94A3CA1-1ED1-4054-85B0-42077676D07A}.Release|Any CPU.Build.0 = Release|Any CPU
	EndGlobalSection
	GlobalSection(SolutionProperties) = preSolution
		HideSolutionNode = FALSE
	EndGlobalSection
	GlobalSection(ExtensibilityGlobals) = postSolution
		SolutionGuid = {29106DD1-DB91-4CE4-88E2-6BC57066197F}
	EndGlobalSection
EndGlobal
